
Microsoft Visual Studio Solution File, Format Version 12.00
# Visual Studio Version 17
VisualStudioVersion = 17.6.33723.286
MinimumVisualStudioVersion = 10.0.40219.1
Project("{FAE04EC0-301F-11D3-BF4B-00C04F79EFBC}") = "ROBOTI_temaOOP", "ROBOTI_temaOOP\ROBOTI_temaOOP.csproj", "{09F160E9-97EE-4B53-ACB2-76462C55DEB2}"
EndProject
Global
	GlobalSection(SolutionConfigurationPlatforms) = preSolution
		Debug|Any CPU = Debug|Any CPU
		Release|Any CPU = Release|Any CPU
	EndGlobalSection
	GlobalSection(ProjectConfigurationPlatforms) = postSolution
		{09F160E9-97EE-4B53-ACB2-76462C55DEB2}.Debug|Any CPU.ActiveCfg = Debug|Any CPU
		{09F160E9-97EE-4B53-ACB2-76462C55DEB2}.Debug|Any CPU.Build.0 = Debug|Any CPU
		{09F160E9-97EE-4B53-ACB2-76462C55DEB2}.Release|Any CPU.ActiveCfg = Release|Any CPU
		{09F160E9-97EE-4B53-ACB2-76462C55DEB2}.Release|Any CPU.Build.0 = Release|Any CPU
	EndGlobalSection
	GlobalSection(SolutionProperties) = preSolution
		HideSolutionNode = FALSE
	EndGlobalSection
	GlobalSection(ExtensibilityGlobals) = postSolution
		SolutionGuid = {FD86425D-D334-4174-AE5E-7C2A9B71C471}
	EndGlobalSection
EndGlobal
